
Microsoft Visual Studio Solution File, Format Version 12.00
# Visual Studio Version 17
VisualStudioVersion = 17.11.35327.3
MinimumVisualStudioVersion = 10.0.40219.1
Project("{FAE04EC0-301F-11D3-BF4B-00C04F79EFBC}") = "Example", "Example\Example.csproj", "{3DFCF3E2-24ED-44C2-99B9-091683935E32}"
EndProject
Project("{FAE04EC0-301F-11D3-BF4B-00C04F79EFBC}") = "Example.Api", "Example.Api\Example.Api.csproj", "{5DBF3787-CD03-47D8-9557-991C799AEC8C}"
EndProject
Global
	GlobalSection(SolutionConfigurationPlatforms) = preSolution
		Debug|Any CPU = Debug|Any CPU
		Release|Any CPU = Release|Any CPU
	EndGlobalSection
	GlobalSection(ProjectConfigurationPlatforms) = postSolution
		{3DFCF3E2-24ED-44C2-99B9-091683935E32}.Debug|Any CPU.ActiveCfg = Debug|Any CPU
		{3DFCF3E2-24ED-44C2-99B9-091683935E32}.Debug|Any CPU.Build.0 = Debug|Any CPU
		{3DFCF3E2-24ED-44C2-99B9-091683935E32}.Release|Any CPU.ActiveCfg = Release|Any CPU
		{3DFCF3E2-24ED-44C2-99B9-091683935E32}.Release|Any CPU.Build.0 = Release|Any CPU
		{5DBF3787-CD03-47D8-9557-991C799AEC8C}.Debug|Any CPU.ActiveCfg = Debug|Any CPU
		{5DBF3787-CD03-47D8-9557-991C799AEC8C}.Debug|Any CPU.Build.0 = Debug|Any CPU
		{5DBF3787-CD03-47D8-9557-991C799AEC8C}.Release|Any CPU.ActiveCfg = Release|Any CPU
		{5DBF3787-CD03-47D8-9557-991C799AEC8C}.Release|Any CPU.Build.0 = Release|Any CPU
	EndGlobalSection
	GlobalSection(SolutionProperties) = preSolution
		HideSolutionNode = FALSE
	EndGlobalSection
	GlobalSection(ExtensibilityGlobals) = postSolution
		SolutionGuid = {4CBA7ACB-287F-41B2-A4F9-CDD49B13B6F4}
	EndGlobalSection
EndGlobal
